
Microsoft Visual Studio Solution File, Format Version 12.00
# Visual Studio Version 17
VisualStudioVersion = 17.8.34316.72
MinimumVisualStudioVersion = 10.0.40219.1
Project("{FAE04EC0-301F-11D3-BF4B-00C04F79EFBC}") = "ToDoTestApp", "ToDoTestApp\ToDoTestApp.csproj", "{4C974E5B-4486-445D-86C5-26AADC00222C}"
EndProject
Global
	GlobalSection(SolutionConfigurationPlatforms) = preSolution
		Debug|Any CPU = Debug|Any CPU
		Release|Any CPU = Release|Any CPU
	EndGlobalSection
	GlobalSection(ProjectConfigurationPlatforms) = postSolution
		{4C974E5B-4486-445D-86C5-26AADC00222C}.Debug|Any CPU.ActiveCfg = Debug|Any CPU
		{4C974E5B-4486-445D-86C5-26AADC00222C}.Debug|Any CPU.Build.0 = Debug|Any CPU
		{4C974E5B-4486-445D-86C5-26AADC00222C}.Release|Any CPU.ActiveCfg = Release|Any CPU
		{4C974E5B-4486-445D-86C5-26AADC00222C}.Release|Any CPU.Build.0 = Release|Any CPU
	EndGlobalSection
	GlobalSection(SolutionProperties) = preSolution
		HideSolutionNode = FALSE
	EndGlobalSection
	GlobalSection(ExtensibilityGlobals) = postSolution
		SolutionGuid = {B686D2B0-574C-466A-8729-EB71B2F4BF90}
	EndGlobalSection
EndGlobal
